lockfileVersion: '6.0'

devDependencies:
  create-skeleton-app:
    specifier: workspace:*
    version: link:packages/create-skeleton-app
  cspell:
    specifier: ^6.31.1
    version: 6.31.1
  shelljs:
    specifier: ^0.8.5
    version: 0.8.5

packages:

  /@babel/code-frame@7.21.4:
    resolution: {integrity: sha512-LYvhNKfwWSPpocw8GI7gpK2nq3HSDuEPC/uSYaALSJu9xjsalaaYFOq0Pwt5KmVqwEbZlDu81aLXwBOmD/Fv9g==}
    engines: {node: '>=6.9.0'}
    dependencies:
      '@babel/highlight': 7.18.6
    dev: true

  /@babel/helper-validator-identifier@7.19.1:
    resolution: {integrity: sha512-awrNfaMtnHUr653GgGEs++LlAvW6w+DcPrOliSMXWCKo597CwL5Acf/wWdNkf/tfEQE3mjkeD1YOVZOUV/od1w==}
    engines: {node: '>=6.9.0'}
    dev: true

  /@babel/highlight@7.18.6:
    resolution: {integrity: sha512-u7stbOuYjaPezCuLj29hNW1v64M2Md2qupEKP1fHc7WdOA3DgLh37suiSrZYY7haUB7iBeQZ9P1uiRF359do3g==}
    engines: {node: '>=6.9.0'}
    dependencies:
      '@babel/helper-validator-identifier': 7.19.1
      chalk: 2.4.2
      js-tokens: 4.0.0
    dev: true

  /@cspell/cspell-bundled-dicts@6.31.1:
    resolution: {integrity: sha512-rsIev+dk1Vd8H1OKZhNhXycIVsMfeWJaeW3QUi1l4oIoGwQfJVbs1ZPZPHE5cglzyHOW1jQNStXf34UKaC6siA==}
    engines: {node: '>=14'}
    dependencies:
      '@cspell/dict-ada': 4.0.1
      '@cspell/dict-aws': 3.0.0
      '@cspell/dict-bash': 4.1.1
      '@cspell/dict-companies': 3.0.10
      '@cspell/dict-cpp': 5.0.3
      '@cspell/dict-cryptocurrencies': 3.0.1
      '@cspell/dict-csharp': 4.0.2
      '@cspell/dict-css': 4.0.6
      '@cspell/dict-dart': 2.0.2
      '@cspell/dict-django': 4.0.2
      '@cspell/dict-docker': 1.1.6
      '@cspell/dict-dotnet': 5.0.0
      '@cspell/dict-elixir': 4.0.3
      '@cspell/dict-en-common-misspellings': 1.0.2
      '@cspell/dict-en-gb': 1.1.33
      '@cspell/dict-en_us': 4.3.2
      '@cspell/dict-filetypes': 3.0.0
      '@cspell/dict-fonts': 3.0.2
      '@cspell/dict-fullstack': 3.1.5
      '@cspell/dict-gaming-terms': 1.0.4
      '@cspell/dict-git': 2.0.0
      '@cspell/dict-golang': 6.0.1
      '@cspell/dict-haskell': 4.0.1
      '@cspell/dict-html': 4.0.3
      '@cspell/dict-html-symbol-entities': 4.0.0
      '@cspell/dict-java': 5.0.5
      '@cspell/dict-k8s': 1.0.1
      '@cspell/dict-latex': 4.0.0
      '@cspell/dict-lorem-ipsum': 3.0.0
      '@cspell/dict-lua': 4.0.1
      '@cspell/dict-node': 4.0.2
      '@cspell/dict-npm': 5.0.5
      '@cspell/dict-php': 4.0.1
      '@cspell/dict-powershell': 5.0.1
      '@cspell/dict-public-licenses': 2.0.2
      '@cspell/dict-python': 4.0.4
      '@cspell/dict-r': 2.0.1
      '@cspell/dict-ruby': 5.0.0
      '@cspell/dict-rust': 4.0.1
      '@cspell/dict-scala': 5.0.0
      '@cspell/dict-software-terms': 3.1.8
      '@cspell/dict-sql': 2.1.0
      '@cspell/dict-svelte': 1.0.2
      '@cspell/dict-swift': 2.0.1
      '@cspell/dict-typescript': 3.1.1
      '@cspell/dict-vue': 3.0.0
    dev: true

  /@cspell/cspell-pipe@6.31.1:
    resolution: {integrity: sha512-zk1olZi4dr6GLm5PAjvsiZ01HURNSruUYFl1qSicGnTwYN8GaN4RhAwannAytcJ7zJPIcyXlid0YsB58nJf3wQ==}
    engines: {node: '>=14'}
    dev: true

  /@cspell/cspell-service-bus@6.31.1:
    resolution: {integrity: sha512-YyBicmJyZ1uwKVxujXw7sgs9x+Eps43OkWmCtDZmZlnq489HdTSuhF1kTbVi2yeFSeaXIS87+uHo12z97KkQpg==}
    engines: {node: '>=14'}
    dev: true

  /@cspell/cspell-types@6.31.1:
    resolution: {integrity: sha512-1KeTQFiHMssW1eRoF2NZIEg4gPVIfXLsL2+VSD/AV6YN7lBcuf6gRRgV5KWYarhxtEfjxhDdDTmu26l/iJEUtw==}
    engines: {node: '>=14'}
    dev: true

  /@cspell/dict-ada@4.0.1:
    resolution: {integrity: sha512-/E9o3nHrXOhYmQE43deKbxZcR3MIJAsa+66IzP9TXGHheKEx8b9dVMVVqydDDH8oom1H0U20NRPtu6KRVbT9xw==}
    dev: true

  /@cspell/dict-aws@3.0.0:
    resolution: {integrity: sha512-O1W6nd5y3Z00AMXQMzfiYrIJ1sTd9fB1oLr+xf/UD7b3xeHeMeYE2OtcWbt9uyeHim4tk+vkSTcmYEBKJgS5bQ==}
    dev: true

  /@cspell/dict-bash@4.1.1:
    resolution: {integrity: sha512-8czAa/Mh96wu2xr0RXQEGMTBUGkTvYn/Pb0o+gqOO1YW+poXGQc3gx0YPqILDryP/KCERrNvkWUJz3iGbvwC2A==}
    dev: true

  /@cspell/dict-companies@3.0.10:
    resolution: {integrity: sha512-LgPi7t9cMc2gBL63jkx/H3LAAtM/DjgZEsnmYmGqrCPWYVmKY1Y4sH2PBaV2ocE9CypV83M0DellGiUNb0kmug==}
    dev: true

  /@cspell/dict-cpp@5.0.3:
    resolution: {integrity: sha512-7sx/RFsf0hB3q8chx8OHYl9Kd+g0pqA1laphwaAQ+/jPwoAreYT3kNQWbJ3bIt/rMoORetFSQxckSbaJXwwqpw==}
    dev: true

  /@cspell/dict-cryptocurrencies@3.0.1:
    resolution: {integrity: sha512-Tdlr0Ahpp5yxtwM0ukC13V6+uYCI0p9fCRGMGZt36rWv8JQZHIuHfehNl7FB/Qc09NCF7p5ep0GXbL+sVTd/+w==}
    dev: true

  /@cspell/dict-csharp@4.0.2:
    resolution: {integrity: sha512-1JMofhLK+4p4KairF75D3A924m5ERMgd1GvzhwK2geuYgd2ZKuGW72gvXpIV7aGf52E3Uu1kDXxxGAiZ5uVG7g==}
    dev: true

  /@cspell/dict-css@4.0.6:
    resolution: {integrity: sha512-2Lo8W2ezHmGgY8cWFr4RUwnjbndna5mokpCK/DuxGILQnuajR0J31ANQOXj/8iZM2phFB93ZzMNk/0c04TDfSQ==}
    dev: true

  /@cspell/dict-dart@2.0.2:
    resolution: {integrity: sha512-jigcODm7Z4IFZ4vParwwP3IT0fIgRq/9VoxkXfrxBMsLBGGM2QltHBj7pl+joX+c4cOHxfyZktGJK1B1wFtR4Q==}
    dev: true

  /@cspell/dict-django@4.0.2:
    resolution: {integrity: sha512-L0Yw6+Yh2bE9/FAMG4gy9m752G4V8HEBjEAGeRIQ9qvxDLR9yD6dPOtgEFTjv7SWlKSrLb9wA/W3Q2GKCOusSg==}
    dev: true

  /@cspell/dict-docker@1.1.6:
    resolution: {integrity: sha512-zCCiRTZ6EOQpBnSOm0/3rnKW1kCcAUDUA7SxJG3SuH6iZvKi3I8FEg8+O83WQUeXg0SyPNerD9F40JLnnJjJig==}
    dev: true

  /@cspell/dict-dotnet@5.0.0:
    resolution: {integrity: sha512-EOwGd533v47aP5QYV8GlSSKkmM9Eq8P3G/eBzSpH3Nl2+IneDOYOBLEUraHuiCtnOkNsz0xtZHArYhAB2bHWAw==}
    dev: true

  /@cspell/dict-elixir@4.0.3:
    resolution: {integrity: sha512-g+uKLWvOp9IEZvrIvBPTr/oaO6619uH/wyqypqvwpmnmpjcfi8+/hqZH8YNKt15oviK8k4CkINIqNhyndG9d9Q==}
    dev: true

  /@cspell/dict-en-common-misspellings@1.0.2:
    resolution: {integrity: sha512-jg7ZQZpZH7+aAxNBlcAG4tGhYF6Ksy+QS5Df73Oo+XyckBjC9QS+PrRwLTeYoFIgXy5j3ICParK5r3MSSoL4gw==}
    dev: true

  /@cspell/dict-en-gb@1.1.33:
    resolution: {integrity: sha512-tKSSUf9BJEV+GJQAYGw5e+ouhEe2ZXE620S7BLKe3ZmpnjlNG9JqlnaBhkIMxKnNFkLY2BP/EARzw31AZnOv4g==}
    dev: true

  /@cspell/dict-en_us@4.3.2:
    resolution: {integrity: sha512-o8xtHDLPNzW6hK5b1TaDTWt25vVi9lWlL6/dZ9YoS+ZMj+Dy/yuXatqfOgeGyU3a9+2gxC0kbr4oufMUQXI2mQ==}
    dev: true

  /@cspell/dict-filetypes@3.0.0:
    resolution: {integrity: sha512-Fiyp0z5uWaK0d2TfR9GMUGDKmUMAsOhGD5A0kHoqnNGswL2iw0KB0mFBONEquxU65fEnQv4R+jdM2d9oucujuA==}
    dev: true

  /@cspell/dict-fonts@3.0.2:
    resolution: {integrity: sha512-Z5QdbgEI7DV+KPXrAeDA6dDm/vTzyaW53SGlKqz6PI5VhkOjgkBXv3YtZjnxMZ4dY2ZIqq+RUK6qa9Pi8rQdGQ==}
    dev: true

  /@cspell/dict-fullstack@3.1.5:
    resolution: {integrity: sha512-6ppvo1dkXUZ3fbYn/wwzERxCa76RtDDl5Afzv2lijLoijGGUw5yYdLBKJnx8PJBGNLh829X352ftE7BElG4leA==}
    dev: true

  /@cspell/dict-gaming-terms@1.0.4:
    resolution: {integrity: sha512-hbDduNXlk4AOY0wFxcDMWBPpm34rpqJBeqaySeoUH70eKxpxm+dvjpoRLJgyu0TmymEICCQSl6lAHTHSDiWKZg==}
    dev: true

  /@cspell/dict-git@2.0.0:
    resolution: {integrity: sha512-n1AxyX5Kgxij/sZFkxFJlzn3K9y/sCcgVPg/vz4WNJ4K9YeTsUmyGLA2OQI7d10GJeiuAo2AP1iZf2A8j9aj2w==}
    dev: true

  /@cspell/dict-golang@6.0.1:
    resolution: {integrity: sha512-Z19FN6wgg2M/A+3i1O8qhrGaxUUGOW8S2ySN0g7vp4HTHeFmockEPwYx7gArfssNIruw60JorZv+iLJ6ilTeow==}
    dev: true

  /@cspell/dict-haskell@4.0.1:
    resolution: {integrity: sha512-uRrl65mGrOmwT7NxspB4xKXFUenNC7IikmpRZW8Uzqbqcu7ZRCUfstuVH7T1rmjRgRkjcIjE4PC11luDou4wEQ==}
    dev: true

  /@cspell/dict-html-symbol-entities@4.0.0:
    resolution: {integrity: sha512-HGRu+48ErJjoweR5IbcixxETRewrBb0uxQBd6xFGcxbEYCX8CnQFTAmKI5xNaIt2PKaZiJH3ijodGSqbKdsxhw==}
    dev: true

  /@cspell/dict-html@4.0.3:
    resolution: {integrity: sha512-Gae8i8rrArT0UyG1I6DHDK62b7Be6QEcBSIeWOm4VIIW1CASkN9B0qFgSVnkmfvnu1Y3H7SSaaEynKjdj3cs8w==}
    dev: true

  /@cspell/dict-java@5.0.5:
    resolution: {integrity: sha512-X19AoJgWIBwJBSWGFqSgHaBR/FEykBHTMjL6EqOnhIGEyE9nvuo32tsSHjXNJ230fQxQptEvRZoaldNLtKxsRg==}
    dev: true

  /@cspell/dict-k8s@1.0.1:
    resolution: {integrity: sha512-gc5y4Nm3hVdMZNBZfU2M1AsAmObZsRWjCUk01NFPfGhFBXyVne41T7E62rpnzu5330FV/6b/TnFcPgRmak9lLw==}
    dev: true

  /@cspell/dict-latex@4.0.0:
    resolution: {integrity: sha512-LPY4y6D5oI7D3d+5JMJHK/wxYTQa2lJMSNxps2JtuF8hbAnBQb3igoWEjEbIbRRH1XBM0X8dQqemnjQNCiAtxQ==}
    dev: true

  /@cspell/dict-lorem-ipsum@3.0.0:
    resolution: {integrity: sha512-msEV24qEpzWZs2kcEicqYlhyBpR0amfDkJOs+iffC07si9ftqtQ+yP3lf1VFLpgqw3SQh1M1vtU7RD4sPrNlcQ==}
    dev: true

  /@cspell/dict-lua@4.0.1:
    resolution: {integrity: sha512-j0MFmeCouSoC6EdZTbvGe1sJ9V+ruwKSeF+zRkNNNload7R72Co5kX1haW2xLHGdlq0kqSy1ODRZKdVl0e+7hg==}
    dev: true

  /@cspell/dict-node@4.0.2:
    resolution: {integrity: sha512-FEQJ4TnMcXEFslqBQkXa5HposMoCGsiBv2ux4IZuIXgadXeHKHUHk60iarWpjhzNzQLyN2GD7NoRMd12bK3Llw==}
    dev: true

  /@cspell/dict-npm@5.0.5:
    resolution: {integrity: sha512-eirZm4XpJNEcbmLGIwI2qXdRRlCKwEsH9mT3qCUytmbj6S6yn63F+8bShMW/yQBedV7+GXq9Td+cJdqiVutOiA==}
    dev: true

  /@cspell/dict-php@4.0.1:
    resolution: {integrity: sha512-XaQ/JkSyq2c07MfRG54DjLi2CV+HHwS99DDCAao9Fq2JfkWroTQsUeek7wYZXJATrJVOULoV3HKih12x905AtQ==}
    dev: true

  /@cspell/dict-powershell@5.0.1:
    resolution: {integrity: sha512-lLl+syWFgfv2xdsoxHfPIB2FGkn//XahCIKcRaf52AOlm1/aXeaJN579B9HCpvM7wawHzMqJ33VJuL/vb6Lc4g==}
    dev: true

  /@cspell/dict-public-licenses@2.0.2:
    resolution: {integrity: sha512-baKkbs/WGEV2lCWZoL0KBPh3uiPcul5GSDwmXEBAsR5McEW52LF94/b7xWM0EmSAc/y8ODc5LnPYC7RDRLi6LQ==}
    dev: true

  /@cspell/dict-python@4.0.4:
    resolution: {integrity: sha512-whCrxsALD66PxSbxZ++xV1HQzxpRZMiX6LXEkZlj4gWuptrzyZUdTMiI8EqVEVfyf5G4EW7HNCTz35kNL5Zl+w==}
    dev: true

  /@cspell/dict-r@2.0.1:
    resolution: {integrity: sha512-KCmKaeYMLm2Ip79mlYPc8p+B2uzwBp4KMkzeLd5E6jUlCL93Y5Nvq68wV5fRLDRTf7N1LvofkVFWfDcednFOgA==}
    dev: true

  /@cspell/dict-ruby@5.0.0:
    resolution: {integrity: sha512-ssb96QxLZ76yPqFrikWxItnCbUKhYXJ2owkoIYzUGNFl2CHSoHCb5a6Zetum9mQ/oUA3gNeUhd28ZUlXs0la2A==}
    dev: true

  /@cspell/dict-rust@4.0.1:
    resolution: {integrity: sha512-xJSSzHDK2z6lSVaOmMxl3PTOtfoffaxMo7fTcbZUF+SCJzfKbO6vnN9TCGX2sx1RHFDz66Js6goz6SAZQdOwaw==}
    dev: true

  /@cspell/dict-scala@5.0.0:
    resolution: {integrity: sha512-ph0twaRoV+ylui022clEO1dZ35QbeEQaKTaV2sPOsdwIokABPIiK09oWwGK9qg7jRGQwVaRPEq0Vp+IG1GpqSQ==}
    dev: true

  /@cspell/dict-software-terms@3.1.8:
    resolution: {integrity: sha512-gXJWSqnr8U50wHo/tpplLaZUQBQQGOwaJFHyMhN+DVNO92setoApHQ0zSqy4KSSkfvdbgYP0nPAj0MAo9/TvOw==}
    dev: true

  /@cspell/dict-sql@2.1.0:
    resolution: {integrity: sha512-Bb+TNWUrTNNABO0bmfcYXiTlSt0RD6sB2MIY+rNlaMyIwug43jUjeYmkLz2tPkn3+2uvySeFEOMVYhMVfcuDKg==}
    dev: true

  /@cspell/dict-svelte@1.0.2:
    resolution: {integrity: sha512-rPJmnn/GsDs0btNvrRBciOhngKV98yZ9SHmg8qI6HLS8hZKvcXc0LMsf9LLuMK1TmS2+WQFAan6qeqg6bBxL2Q==}
    dev: true

  /@cspell/dict-swift@2.0.1:
    resolution: {integrity: sha512-gxrCMUOndOk7xZFmXNtkCEeroZRnS2VbeaIPiymGRHj5H+qfTAzAKxtv7jJbVA3YYvEzWcVE2oKDP4wcbhIERw==}
    dev: true

  /@cspell/dict-typescript@3.1.1:
    resolution: {integrity: sha512-N9vNJZoOXmmrFPR4ir3rGvnqqwmQGgOYoL1+y6D4oIhyr7FhaYiyF/d7QT61RmjZQcATMa6PSL+ZisCeRLx9+A==}
    dev: true

  /@cspell/dict-vue@3.0.0:
    resolution: {integrity: sha512-niiEMPWPV9IeRBRzZ0TBZmNnkK3olkOPYxC1Ny2AX4TGlYRajcW0WUtoSHmvvjZNfWLSg2L6ruiBeuPSbjnG6A==}
    dev: true

  /@cspell/dynamic-import@6.31.1:
    resolution: {integrity: sha512-uliIUv9uZlnyYmjUlcw/Dm3p0xJOEnWJNczHAfqAl4Ytg6QZktw0GtUA9b1umbRXLv0KRTPtSC6nMq3cR7rRmQ==}
    engines: {node: '>=14'}
    dependencies:
      import-meta-resolve: 2.2.2
    dev: true

  /@cspell/strong-weak-map@6.31.1:
    resolution: {integrity: sha512-z8AuWvUuSnugFKJOA9Ke0aiFuehcqLFqia9bk8XaQNEWr44ahPVn3sEWnAncTxPbpWuUw5UajoJa0egRAE1CCg==}
    engines: {node: '>=14.6'}
    dev: true

  /@nodelib/fs.scandir@2.1.5:
    resolution: {integrity: sha512-vq24Bq3ym5HEQm2NKCr3yXDwjc7vTsEThRDnkp2DK9p1uqLR+DHurm/NOTo0KG7HYHU7eppKZj3MyqYuMBf62g==}
    engines: {node: '>= 8'}
    dependencies:
      '@nodelib/fs.stat': 2.0.5
      run-parallel: 1.2.0
    dev: true

  /@nodelib/fs.stat@2.0.5:
    resolution: {integrity: sha512-RkhPPp2zrqDAQA/2jNhnztcPAlv64XdhIp7a7454A5ovI7Bukxgt7MX7udwAu3zg1DcpPU0rz3VV1SeaqvY4+A==}
    engines: {node: '>= 8'}
    dev: true

  /@nodelib/fs.walk@1.2.8:
    resolution: {integrity: sha512-oGB+UxlgWcgQkgwo8GcEGwemoTFt3FIO9ababBmaGwXIoBKZ+GTy0pP185beGg7Llih/NSHSV2XAs1lnznocSg==}
    engines: {node: '>= 8'}
    dependencies:
      '@nodelib/fs.scandir': 2.1.5
      fastq: 1.15.0
    dev: true

  /ansi-regex@5.0.1:
    resolution: {integrity: sha512-quJQXlTSUGL2LH9SUXo8VwsY4soanhgo6LNSm84E1LBcE8s3O0wpdiRzyR9z/ZZJMlMWv37qOOb9pdJlMUEKFQ==}
    engines: {node: '>=8'}
    dev: true

  /ansi-styles@3.2.1:
    resolution: {integrity: sha512-VT0ZI6kZRdTh8YyJw3SMbYm/u+NqfsAxEpWO0Pf9sq8/e94WxxOpPKx9FR1FlyCtOVDNOQ+8ntlqFxiRc+r5qA==}
    engines: {node: '>=4'}
    dependencies:
      color-convert: 1.9.3
    dev: true

  /ansi-styles@4.3.0:
    resolution: {integrity: sha512-zbB9rCJAT1rbjiVDb2hqKFHNYLxgtk8NURxZ3IZwD3F6NtxbXZQCnnSi1Lkx+IDohdPlFp222wVALIheZJQSEg==}
    engines: {node: '>=8'}
    dependencies:
      color-convert: 2.0.1
    dev: true

  /argparse@2.0.1:
    resolution: {integrity: sha512-8+9WqebbFzpX9OR+Wa6O29asIogeRMzcGtAINdpMHHyAg10f05aSFVBbcEqGf/PXw1EjAZ+q2/bEBg3DvurK3Q==}
    dev: true

  /array-timsort@1.0.3:
    resolution: {integrity: sha512-/+3GRL7dDAGEfM6TseQk/U+mi18TU2Ms9I3UlLdUMhz2hbvGNTKdj9xniwXfUqgYhHxRx0+8UnKkvlNwVU+cWQ==}
    dev: true

  /balanced-match@1.0.2:
    resolution: {integrity: sha512-3oSeUO0TMV67hN1AmbXsK4yaqU7tjiHlbxRDZOpH0KW9+CeX4bRAaX0Anxt0tx2MrpRpWwQaPwIlISEJhYU5Pw==}
    dev: true

  /brace-expansion@1.1.11:
    resolution: {integrity: sha512-iCuPHDFgrHX7H2vEI/5xpz07zSHB00TpugqhmYtVmMO6518mCuRMoOYFldEBl0g187ufozdaHgWKcYFb61qGiA==}
    dependencies:
      balanced-match: 1.0.2
      concat-map: 0.0.1
    dev: true

  /braces@3.0.2:
    resolution: {integrity: sha512-b8um+L1RzM3WDSzvhm6gIz1yfTbBt6YTlcEKAvsmqCZZFw46z626lVj9j1yEPW33H5H+lBQpZMP1k8l+78Ha0A==}
    engines: {node: '>=8'}
    dependencies:
      fill-range: 7.0.1
    dev: true

  /callsites@3.1.0:
    resolution: {integrity: sha512-P8BjAsXvZS+VIDUI11hHCQEv74YT67YUi5JJFNWIqL235sBmjX4+qx9Muvls5ivyNENctx46xQLQ3aTuE7ssaQ==}
    engines: {node: '>=6'}
    dev: true

  /chalk@2.4.2:
    resolution: {integrity: sha512-Mti+f9lpJNcwF4tWV8/OrTTtF1gZi+f8FqlyAdouralcFWFQWF2+NgCHShjkCb+IFBLq9buZwE1xckQU4peSuQ==}
    engines: {node: '>=4'}
    dependencies:
      ansi-styles: 3.2.1
      escape-string-regexp: 1.0.5
      supports-color: 5.5.0
    dev: true

  /chalk@4.1.2:
    resolution: {integrity: sha512-oKnbhFyRIXpUuez8iBMmyEa4nbj4IOQyuhc/wy9kY7/WVPcwIO9VA668Pu8RkO7+0G76SLROeyw9CpQ061i4mA==}
    engines: {node: '>=10'}
    dependencies:
      ansi-styles: 4.3.0
      supports-color: 7.2.0
    dev: true

  /clear-module@4.1.2:
    resolution: {integrity: sha512-LWAxzHqdHsAZlPlEyJ2Poz6AIs384mPeqLVCru2p0BrP9G/kVGuhNyZYClLO6cXlnuJjzC8xtsJIuMjKqLXoAw==}
    engines: {node: '>=8'}
    dependencies:
      parent-module: 2.0.0
      resolve-from: 5.0.0
    dev: true

  /color-convert@1.9.3:
    resolution: {integrity: sha512-QfAUtd+vFdAtFQcC8CCyYt1fYWxSqAiK2cSD6zDB8N3cpsEBAvRxp9zOGg6G/SHHJYAT88/az/IuDGALsNVbGg==}
    dependencies:
      color-name: 1.1.3
    dev: true

  /color-convert@2.0.1:
    resolution: {integrity: sha512-RRECPsj7iu/xb5oKYcsFHSppFNnsj/52OVTRKb4zP5onXwVF3zVmmToNcOfGC+CRDpfK/U584fMg38ZHCaElKQ==}
    engines: {node: '>=7.0.0'}
    dependencies:
      color-name: 1.1.4
    dev: true

  /color-name@1.1.3:
    resolution: {integrity: sha512-72fSenhMw2HZMTVHeCA9KCmpEIbzWiQsjN+BHcBbS9vr1mtt+vJjPdksIBNUmKAW8TFUDPJK5SUU3QhE9NEXDw==}
    dev: true

  /color-name@1.1.4:
    resolution: {integrity: sha512-dOy+3AuW3a2wNbZHIuMZpTcgjGuLU/uBL/ubcZF9OXbDo8ff4O8yVp5Bf0efS8uEoYo5q4Fx7dY9OgQGXgAsQA==}
    dev: true

  /commander@10.0.1:
    resolution: {integrity: sha512-y4Mg2tXshplEbSGzx7amzPwKKOCGuoSRP/CjEdwwk0FOGlUbq6lKuoyDZTNZkmxHdJtp54hdfY/JUrdL7Xfdug==}
    engines: {node: '>=14'}
    dev: true

  /comment-json@4.2.3:
    resolution: {integrity: sha512-SsxdiOf064DWoZLH799Ata6u7iV658A11PlWtZATDlXPpKGJnbJZ5Z24ybixAi+LUUqJ/GKowAejtC5GFUG7Tw==}
    engines: {node: '>= 6'}
    dependencies:
      array-timsort: 1.0.3
      core-util-is: 1.0.3
      esprima: 4.0.1
      has-own-prop: 2.0.0
      repeat-string: 1.6.1
    dev: true

  /concat-map@0.0.1:
    resolution: {integrity: sha512-/Srv4dswyQNBfohGpz9o6Yb3Gz3SrUDqBH5rTuhGR7ahtlbYKnVxw2bCFMRljaA7EXHaXZ8wsHdodFvbkhKmqg==}
    dev: true

  /configstore@5.0.1:
    resolution: {integrity: sha512-aMKprgk5YhBNyH25hj8wGt2+D52Sw1DRRIzqBwLp2Ya9mFmY8KPvvtvmna8SxVR9JMZ4kzMD68N22vlaRpkeFA==}
    engines: {node: '>=8'}
    dependencies:
      dot-prop: 5.3.0
      graceful-fs: 4.2.11
      make-dir: 3.1.0
      unique-string: 2.0.0
      write-file-atomic: 3.0.3
      xdg-basedir: 4.0.0
    dev: true

  /core-util-is@1.0.3:
    resolution: {integrity: sha512-ZQBvi1DcpJ4GDqanjucZ2Hj3wEO5pZDS89BWbkcrvdxksJorwUDDZamX9ldFkp9aw2lmBDLgkObEA4DWNJ9FYQ==}
    dev: true

  /cosmiconfig@8.0.0:
    resolution: {integrity: sha512-da1EafcpH6b/TD8vDRaWV7xFINlHlF6zKsGwS1TsuVJTZRkquaS5HTMq7uq6h31619QjbsYl21gVDOm32KM1vQ==}
    engines: {node: '>=14'}
    dependencies:
      import-fresh: 3.3.0
      js-yaml: 4.1.0
      parse-json: 5.2.0
      path-type: 4.0.0
    dev: true

  /crypto-random-string@2.0.0:
    resolution: {integrity: sha512-v1plID3y9r/lPhviJ1wrXpLeyUIGAZ2SHNYTEapm7/8A9nLPoyvVp3RK/EPFqn5kEznyWgYZNsRtYYIWbuG8KA==}
    engines: {node: '>=8'}
    dev: true

  /cspell-dictionary@6.31.1:
    resolution: {integrity: sha512-7+K7aQGarqbpucky26wled7QSCJeg6VkLUWS+hLjyf0Cqc9Zew5xsLa4QjReExWUJx+a97jbiflITZNuWxgMrg==}
    engines: {node: '>=14'}
    dependencies:
      '@cspell/cspell-pipe': 6.31.1
      '@cspell/cspell-types': 6.31.1
      cspell-trie-lib: 6.31.1
      fast-equals: 4.0.3
      gensequence: 5.0.2
    dev: true

  /cspell-gitignore@6.31.1:
    resolution: {integrity: sha512-PAcmjN6X89Z8qgjem6HYb+VmvVtKuc+fWs4sk21+jv2MiLk23Bkp+8slSaIDVR//58fxJkMx17PHyo2cDO/69A==}
    engines: {node: '>=14'}
    hasBin: true
    dependencies:
      cspell-glob: 6.31.1
      find-up: 5.0.0
    dev: true

  /cspell-glob@6.31.1:
    resolution: {integrity: sha512-ygEmr5hgE4QtO5+L3/ihfMKBhPipbapfS22ilksFSChKMc15Regds0z+z/1ZBoe+OFAPneQfIuBxMwQ/fB00GQ==}
    engines: {node: '>=14'}
    dependencies:
      micromatch: 4.0.5
    dev: true

  /cspell-grammar@6.31.1:
    resolution: {integrity: sha512-AsRVP0idcNFVSb9+p9XjMumFj3BUV67WIPWApaAzJl/dYyiIygQObRE+si0/QtFWGNw873b7hNhWZiKjqIdoaQ==}
    engines: {node: '>=14'}
    hasBin: true
    dependencies:
      '@cspell/cspell-pipe': 6.31.1
      '@cspell/cspell-types': 6.31.1
    dev: true

  /cspell-io@6.31.1:
    resolution: {integrity: sha512-deZcpvTYY/NmLfOdOtzcm+nDvJZozKmj4TY3pPpX0HquPX0A/w42bFRT/zZNmRslFl8vvrCZZUog7SOc6ha3uA==}
    engines: {node: '>=14'}
    dependencies:
      '@cspell/cspell-service-bus': 6.31.1
      node-fetch: 2.6.11
    transitivePeerDependencies:
      - encoding
    dev: true

  /cspell-lib@6.31.1:
    resolution: {integrity: sha512-KgSiulbLExY+z2jGwkO77+aAkyugsPAw7y07j3hTQLpd+0esPCZqrmbo2ItnkvkDNd/c34PqQCr7/044/rz8gw==}
    engines: {node: '>=14.6'}
    dependencies:
      '@cspell/cspell-bundled-dicts': 6.31.1
      '@cspell/cspell-pipe': 6.31.1
      '@cspell/cspell-types': 6.31.1
      '@cspell/strong-weak-map': 6.31.1
      clear-module: 4.1.2
      comment-json: 4.2.3
      configstore: 5.0.1
      cosmiconfig: 8.0.0
      cspell-dictionary: 6.31.1
      cspell-glob: 6.31.1
      cspell-grammar: 6.31.1
      cspell-io: 6.31.1
      cspell-trie-lib: 6.31.1
      fast-equals: 4.0.3
      find-up: 5.0.0
      gensequence: 5.0.2
      import-fresh: 3.3.0
      resolve-from: 5.0.0
      resolve-global: 1.0.0
      vscode-languageserver-textdocument: 1.0.8
      vscode-uri: 3.0.7
    transitivePeerDependencies:
      - encoding
    dev: true

  /cspell-trie-lib@6.31.1:
    resolution: {integrity: sha512-MtYh7s4Sbr1rKT31P2BK6KY+YfOy3dWsuusq9HnqCXmq6aZ1HyFgjH/9p9uvqGi/TboMqn1KOV8nifhXK3l3jg==}
    engines: {node: '>=14'}
    dependencies:
      '@cspell/cspell-pipe': 6.31.1
      '@cspell/cspell-types': 6.31.1
      gensequence: 5.0.2
    dev: true

  /cspell@6.31.1:
    resolution: {integrity: sha512-gyCtpkOpwI/TGibbtIgMBFnAUUp2hnYdvW/9Ky4RcneHtLH0+V/jUEbZD8HbRKz0GVZ6mhKWbNRSEyP9p3Cejw==}
    engines: {node: '>=14'}
    hasBin: true
    dependencies:
      '@cspell/cspell-pipe': 6.31.1
      '@cspell/dynamic-import': 6.31.1
      chalk: 4.1.2
      commander: 10.0.1
      cspell-gitignore: 6.31.1
      cspell-glob: 6.31.1
      cspell-io: 6.31.1
      cspell-lib: 6.31.1
      fast-glob: 3.2.12
      fast-json-stable-stringify: 2.1.0
      file-entry-cache: 6.0.1
      get-stdin: 8.0.0
      imurmurhash: 0.1.4
      semver: 7.5.1
      strip-ansi: 6.0.1
      vscode-uri: 3.0.7
    transitivePeerDependencies:
      - encoding
    dev: true

  /dot-prop@5.3.0:
    resolution: {integrity: sha512-QM8q3zDe58hqUqjraQOmzZ1LIH9SWQJTlEKCH4kJ2oQvLZk7RbQXvtDM2XEq3fwkV9CCvvH4LA0AV+ogFsBM2Q==}
    engines: {node: '>=8'}
    dependencies:
      is-obj: 2.0.0
    dev: true

  /error-ex@1.3.2:
    resolution: {integrity: sha512-7dFHNmqeFSEt2ZBsCriorKnn3Z2pj+fd9kmI6QoWw4//DL+icEBfc0U7qJCisqrTsKTjw4fNFy2pW9OqStD84g==}
    dependencies:
      is-arrayish: 0.2.1
    dev: true

  /escape-string-regexp@1.0.5:
    resolution: {integrity: sha512-vbRorB5FUQWvla16U8R/qgaFIya2qGzwDrNmCZuYKrbdSUMG6I1ZCGQRefkRVhuOkIGVne7BQ35DSfo1qvJqFg==}
    engines: {node: '>=0.8.0'}
    dev: true

  /esprima@4.0.1:
    resolution: {integrity: sha512-eGuFFw7Upda+g4p+QHvnW0RyTX/SVeJBDM/gCtMARO0cLuT2HcEKnTPvhjV6aGeqrCB/sbNop0Kszm0jsaWU4A==}
    engines: {node: '>=4'}
    hasBin: true
    dev: true

  /fast-equals@4.0.3:
    resolution: {integrity: sha512-G3BSX9cfKttjr+2o1O22tYMLq0DPluZnYtq1rXumE1SpL/F/SLIfHx08WYQoWSIpeMYf8sRbJ8++71+v6Pnxfg==}
    dev: true

  /fast-glob@3.2.12:
    resolution: {integrity: sha512-DVj4CQIYYow0BlaelwK1pHl5n5cRSJfM60UA0zK891sVInoPri2Ekj7+e1CT3/3qxXenpI+nBBmQAcJPJgaj4w==}
    engines: {node: '>=8.6.0'}
    dependencies:
      '@nodelib/fs.stat': 2.0.5
      '@nodelib/fs.walk': 1.2.8
      glob-parent: 5.1.2
      merge2: 1.4.1
      micromatch: 4.0.5
    dev: true

  /fast-json-stable-stringify@2.1.0:
    resolution: {integrity: sha512-lhd/wF+Lk98HZoTCtlVraHtfh5XYijIjalXck7saUtuanSDyLMxnHhSXEDJqHxD7msR8D0uCmqlkwjCV8xvwHw==}
    dev: true

  /fastq@1.15.0:
    resolution: {integrity: sha512-wBrocU2LCXXa+lWBt8RoIRD89Fi8OdABODa/kEnyeyjS5aZO5/GNvI5sEINADqP/h8M29UHTHUb53sUu5Ihqdw==}
    dependencies:
      reusify: 1.0.4
    dev: true

  /file-entry-cache@6.0.1:
    resolution: {integrity: sha512-7Gps/XWymbLk2QLYK4NzpMOrYjMhdIxXuIvy2QBsLE6ljuodKvdkWs/cpyJJ3CVIVpH0Oi1Hvg1ovbMzLdFBBg==}
    engines: {node: ^10.12.0 || >=12.0.0}
    dependencies:
      flat-cache: 3.0.4
    dev: true

  /fill-range@7.0.1:
    resolution: {integrity: sha512-qOo9F+dMUmC2Lcb4BbVvnKJxTPjCm+RRpe4gDuGrzkL7mEVl/djYSu2OdQ2Pa302N4oqkSg9ir6jaLWJ2USVpQ==}
    engines: {node: '>=8'}
    dependencies:
      to-regex-range: 5.0.1
    dev: true

  /find-up@5.0.0:
    resolution: {integrity: sha512-78/PXT1wlLLDgTzDs7sjq9hzz0vXD+zn+7wypEe4fXQxCmdmqfGsEPQxmiCSQI3ajFV91bVSsvNtrJRiW6nGng==}
    engines: {node: '>=10'}
    dependencies:
      locate-path: 6.0.0
      path-exists: 4.0.0
    dev: true

  /flat-cache@3.0.4:
    resolution: {integrity: sha512-dm9s5Pw7Jc0GvMYbshN6zchCA9RgQlzzEZX3vylR9IqFfS8XciblUXOKfW6SiuJ0e13eDYZoZV5wdrev7P3Nwg==}
    engines: {node: ^10.12.0 || >=12.0.0}
    dependencies:
      flatted: 3.2.7
      rimraf: 3.0.2
    dev: true

  /flatted@3.2.7:
    resolution: {integrity: sha512-5nqDSxl8nn5BSNxyR3n4I6eDmbolI6WT+QqR547RwxQapgjQBmtktdP+HTBb/a/zLsbzERTONyUB5pefh5TtjQ==}
    dev: true

  /fs.realpath@1.0.0:
    resolution: {integrity: sha512-OO0pH2lK6a0hZnAdau5ItzHPI6pUlvI7jMVnxUQRtw4owF2wk8lOSabtGDCTP4Ggrg2MbGnWO9X8K1t4+fGMDw==}
    dev: true

  /function-bind@1.1.1:
    resolution: {integrity: sha512-yIovAzMX49sF8Yl58fSCWJ5svSLuaibPxXQJFLmBObTuCr0Mf1KiPopGM9NiFjiYBCbfaa2Fh6breQ6ANVTI0A==}
    dev: true

  /gensequence@5.0.2:
    resolution: {integrity: sha512-JlKEZnFc6neaeSVlkzBGGgkIoIaSxMgvdamRoPN8r3ozm2r9dusqxeKqYQ7lhzmj2UhFQP8nkyfCaiLQxiLrDA==}
    engines: {node: '>=14'}
    dev: true

  /get-stdin@8.0.0:
    resolution: {integrity: sha512-sY22aA6xchAzprjyqmSEQv4UbAAzRN0L2dQB0NlN5acTTK9Don6nhoc3eAbUnpZiCANAMfd/+40kVdKfFygohg==}
    engines: {node: '>=10'}
    dev: true

  /glob-parent@5.1.2:
    resolution: {integrity: sha512-AOIgSQCepiJYwP3ARnGx+5VnTu2HBYdzbGP45eLw1vr3zB3vZLeyed1sC9hnbcOc9/SrMyM5RPQrkGz4aS9Zow==}
    engines: {node: '>= 6'}
    dependencies:
      is-glob: 4.0.3
    dev: true

  /glob@7.2.3:
    resolution: {integrity: sha512-nFR0zLpU2YCaRxwoCJvL6UvCH2JFyFVIvwTLsIf21AuHlMskA1hhTdk+LlYJtOlYt9v6dvszD2BGRqBL+iQK9Q==}
    dependencies:
      fs.realpath: 1.0.0
      inflight: 1.0.6
      inherits: 2.0.4
      minimatch: 3.1.2
      once: 1.4.0
      path-is-absolute: 1.0.1
    dev: true

  /global-dirs@0.1.1:
    resolution: {integrity: sha512-NknMLn7F2J7aflwFOlGdNIuCDpN3VGoSoB+aap3KABFWbHVn1TCgFC+np23J8W2BiZbjfEw3BFBycSMv1AFblg==}
    engines: {node: '>=4'}
    dependencies:
      ini: 1.3.8
    dev: true

  /graceful-fs@4.2.11:
    resolution: {integrity: sha512-RbJ5/jmFcNNCcDV5o9eTnBLJ/HszWV0P73bc+Ff4nS/rJj+YaS6IGyiOL0VoBYX+l1Wrl3k63h/KrH+nhJ0XvQ==}
    dev: true

  /has-flag@3.0.0:
    resolution: {integrity: sha512-sKJf1+ceQBr4SMkvQnBDNDtf4TXpVhVGateu0t918bl30FnbE2m4vNLX+VWe/dpjlb+HugGYzW7uQXH98HPEYw==}
    engines: {node: '>=4'}
    dev: true

  /has-flag@4.0.0:
    resolution: {integrity: sha512-EykJT/Q1KjTWctppgIAgfSO0tKVuZUjhgMr17kqTumMl6Afv3EISleU7qZUzoXDFTAHTDC4NOoG/ZxU3EvlMPQ==}
    engines: {node: '>=8'}
    dev: true

  /has-own-prop@2.0.0:
    resolution: {integrity: sha512-Pq0h+hvsVm6dDEa8x82GnLSYHOzNDt7f0ddFa3FqcQlgzEiptPqL+XrOJNavjOzSYiYWIrgeVYYgGlLmnxwilQ==}
    engines: {node: '>=8'}
    dev: true

  /has@1.0.3:
    resolution: {integrity: sha512-f2dvO0VU6Oej7RkWJGrehjbzMAjFp5/VKPp5tTpWIV4JHHZK1/BxbFRtf/siA2SWTe09caDmVtYYzWEIbBS4zw==}
    engines: {node: '>= 0.4.0'}
    dependencies:
      function-bind: 1.1.1
    dev: true

  /import-fresh@3.3.0:
    resolution: {integrity: sha512-veYYhQa+D1QBKznvhUHxb8faxlrwUnxseDAbAp457E0wLNio2bOSKnjYDhMj+YiAq61xrMGhQk9iXVk5FzgQMw==}
    engines: {node: '>=6'}
    dependencies:
      parent-module: 1.0.1
      resolve-from: 4.0.0
    dev: true

  /import-meta-resolve@2.2.2:
    resolution: {integrity: sha512-f8KcQ1D80V7RnqVm+/lirO9zkOxjGxhaTC1IPrBGd3MEfNgmNG67tSUO9gTi2F3Blr2Az6g1vocaxzkVnWl9MA==}
    dev: true

  /imurmurhash@0.1.4:
    resolution: {integrity: sha512-JmXMZ6wuvDmLiHEml9ykzqO6lwFbof0GG4IkcGaENdCRDDmMVnny7s5HsIgHCbaq0w2MyPhDqkhTUgS2LU2PHA==}
    engines: {node: '>=0.8.19'}
    dev: true

  /inflight@1.0.6:
    resolution: {integrity: sha512-k92I/b08q4wvFscXCLvqfsHCrjrF7yiXsQuIVvVE7N82W3+aqpzuUdBbfhWcy/FZR3/4IgflMgKLOsvPDrGCJA==}
    dependencies:
      once: 1.4.0
      wrappy: 1.0.2
    dev: true

  /inherits@2.0.4:
    resolution: {integrity: sha512-k/vGaX4/Yla3WzyMCvTQOXYeIHvqOKtnqBduzTHpzpQZzAskKMhZ2K+EnBiSM9zGSoIFeMpXKxa4dYeZIQqewQ==}
    dev: true

  /ini@1.3.8:
    resolution: {integrity: sha512-JV/yugV2uzW5iMRSiZAyDtQd+nxtUnjeLt0acNdw98kKLrvuRVyB80tsREOE7yvGVgalhZ6RNXCmEHkUKBKxew==}
    dev: true

  /interpret@1.4.0:
    resolution: {integrity: sha512-agE4QfB2Lkp9uICn7BAqoscw4SZP9kTE2hxiFI3jBPmXJfdqiahTbUuKGsMoN2GtqL9AxhYioAcVvgsb1HvRbA==}
    engines: {node: '>= 0.10'}
    dev: true

  /is-arrayish@0.2.1:
    resolution: {integrity: sha512-zz06S8t0ozoDXMG+ube26zeCTNXcKIPJZJi8hBrF4idCLms4CG9QtK7qBl1boi5ODzFpjswb5JPmHCbMpjaYzg==}
    dev: true

  /is-core-module@2.12.0:
    resolution: {integrity: sha512-RECHCBCd/viahWmwj6enj19sKbHfJrddi/6cBDsNTKbNq0f7VeaUkBo60BqzvPqo/W54ChS62Z5qyun7cfOMqQ==}
    dependencies:
      has: 1.0.3
    dev: true

  /is-extglob@2.1.1:
    resolution: {integrity: sha512-SbKbANkN603Vi4jEZv49LeVJMn4yGwsbzZworEoyEiutsN3nJYdbO36zfhGJ6QEDpOZIFkDtnq5JRxmvl3jsoQ==}
    engines: {node: '>=0.10.0'}
    dev: true

  /is-glob@4.0.3:
    resolution: {integrity: sha512-xelSayHH36ZgE7ZWhli7pW34hNbNl8Ojv5KVmkJD4hBdD3th8Tfk9vYasLM+mXWOZhFkgZfxhLSnrwRr4elSSg==}
    engines: {node: '>=0.10.0'}
    dependencies:
      is-extglob: 2.1.1
    dev: true

  /is-number@7.0.0:
    resolution: {integrity: sha512-41Cifkg6e8TylSpdtTpeLVMqvSBEVzTttHvERD741+pnZ8ANv0004MRL43QKPDlK9cGvNp6NZWZUBlbGXYxxng==}
    engines: {node: '>=0.12.0'}
    dev: true

  /is-obj@2.0.0:
    resolution: {integrity: sha512-drqDG3cbczxxEJRoOXcOjtdp1J/lyp1mNn0xaznRs8+muBhgQcrnbspox5X5fOw0HnMnbfDzvnEMEtqDEJEo8w==}
    engines: {node: '>=8'}
    dev: true

  /is-typedarray@1.0.0:
    resolution: {integrity: sha512-cyA56iCMHAh5CdzjJIa4aohJyeO1YbwLi3Jc35MmRU6poroFjIGZzUzupGiRPOjgHg9TLu43xbpwXk523fMxKA==}
    dev: true

  /js-tokens@4.0.0:
    resolution: {integrity: sha512-RdJUflcE3cUzKiMqQgsCu06FPu9UdIJO0beYbPhHN4k6apgJtifcoCtT9bcxOpYBtpD2kCM6Sbzg4CausW/PKQ==}
    dev: true

  /js-yaml@4.1.0:
    resolution: {integrity: sha512-wpxZs9NoxZaJESJGIZTyDEaYpl0FKSA+FB9aJiyemKhMwkxQg63h4T1KJgUGHpTqPDNRcmmYLugrRjJlBtWvRA==}
    hasBin: true
    dependencies:
      argparse: 2.0.1
    dev: true

  /json-parse-even-better-errors@2.3.1:
    resolution: {integrity: sha512-xyFwyhro/JEof6Ghe2iz2NcXoj2sloNsWr/XsERDK/oiPCfaNhl5ONfp+jQdAZRQQ0IJWNzH9zIZF7li91kh2w==}
    dev: true

  /lines-and-columns@1.2.4:
    resolution: {integrity: sha512-7ylylesZQ/PV29jhEDl3Ufjo6ZX7gCqJr5F7PKrqc93v7fzSymt1BpwEU8nAUXs8qzzvqhbjhK5QZg6Mt/HkBg==}
    dev: true

  /locate-path@6.0.0:
    resolution: {integrity: sha512-iPZK6eYjbxRu3uB4/WZ3EsEIMJFMqAoopl3R+zuq0UjcAm/MO6KCweDgPfP3elTztoKP3KtnVHxTn2NHBSDVUw==}
    engines: {node: '>=10'}
    dependencies:
      p-locate: 5.0.0
    dev: true

  /lru-cache@6.0.0:
    resolution: {integrity: sha512-Jo6dJ04CmSjuznwJSS3pUeWmd/H0ffTlkXXgwZi+eq1UCmqQwCh+eLsYOYCwY991i2Fah4h1BEMCx4qThGbsiA==}
    engines: {node: '>=10'}
    dependencies:
      yallist: 4.0.0
    dev: true

  /make-dir@3.1.0:
    resolution: {integrity: sha512-g3FeP20LNwhALb/6Cz6Dd4F2ngze0jz7tbzrD2wAV+o9FeNHe4rL+yK2md0J/fiSf1sa1ADhXqi5+oVwOM/eGw==}
    engines: {node: '>=8'}
    dependencies:
      semver: 6.3.0
    dev: true

  /merge2@1.4.1:
    resolution: {integrity: sha512-8q7VEgMJW4J8tcfVPy8g09NcQwZdbwFEqhe/WZkoIzjn/3TGDwtOCYtXGxA3O8tPzpczCCDgv+P2P5y00ZJOOg==}
    engines: {node: '>= 8'}
    dev: true

  /micromatch@4.0.5:
    resolution: {integrity: sha512-DMy+ERcEW2q8Z2Po+WNXuw3c5YaUSFjAO5GsJqfEl7UjvtIuFKO6ZrKvcItdy98dwFI2N1tg3zNIdKaQT+aNdA==}
    engines: {node: '>=8.6'}
    dependencies:
      braces: 3.0.2
      picomatch: 2.3.1
    dev: true

  /minimatch@3.1.2:
    resolution: {integrity: sha512-J7p63hRiAjw1NDEww1W7i37+ByIrOWO5XQQAzZ3VOcL0PNybwpfmV/N05zFAzwQ9USyEcX6t3UO+K5aqBQOIHw==}
    dependencies:
      brace-expansion: 1.1.11
    dev: true

  /node-fetch@2.6.11:
    resolution: {integrity: sha512-4I6pdBY1EthSqDmJkiNk3JIT8cswwR9nfeW/cPdUagJYEQG7R95WRH74wpz7ma8Gh/9dI9FP+OU+0E4FvtA55w==}
    engines: {node: 4.x || >=6.0.0}
    peerDependencies:
      encoding: ^0.1.0
    peerDependenciesMeta:
      encoding:
        optional: true
    dependencies:
      whatwg-url: 5.0.0
    dev: true

  /once@1.4.0:
    resolution: {integrity: sha512-lNaJgI+2Q5URQBkccEKHTQOPaXdUxnZZElQTZY0MFUAuaEqe1E+Nyvgdz/aIyNi6Z9MzO5dv1H8n58/GELp3+w==}
    dependencies:
      wrappy: 1.0.2
    dev: true

  /p-limit@3.1.0:
    resolution: {integrity: sha512-TYOanM3wGwNGsZN2cVTYPArw454xnXj5qmWF1bEoAc4+cU/ol7GVh7odevjp1FNHduHc3KZMcFduxU5Xc6uJRQ==}
    engines: {node: '>=10'}
    dependencies:
      yocto-queue: 0.1.0
    dev: true

  /p-locate@5.0.0:
    resolution: {integrity: sha512-LaNjtRWUBY++zB5nE/NwcaoMylSPk+S+ZHNB1TzdbMJMny6dynpAGt7X/tl/QYq3TIeE6nxHppbo2LGymrG5Pw==}
    engines: {node: '>=10'}
    dependencies:
      p-limit: 3.1.0
    dev: true

  /parent-module@1.0.1:
    resolution: {integrity: sha512-GQ2EWRpQV8/o+Aw8YqtfZZPfNRWZYkbidE9k5rpl/hC3vtHHBfGm2Ifi6qWV+coDGkrUKZAxE3Lot5kcsRlh+g==}
    engines: {node: '>=6'}
    dependencies:
      callsites: 3.1.0
    dev: true

  /parent-module@2.0.0:
    resolution: {integrity: sha512-uo0Z9JJeWzv8BG+tRcapBKNJ0dro9cLyczGzulS6EfeyAdeC9sbojtW6XwvYxJkEne9En+J2XEl4zyglVeIwFg==}
    engines: {node: '>=8'}
    dependencies:
      callsites: 3.1.0
    dev: true

  /parse-json@5.2.0:
    resolution: {integrity: sha512-ayCKvm/phCGxOkYRSCM82iDwct8/EonSEgCSxWxD7ve6jHggsFl4fZVQBPRNgQoKiuV/odhFrGzQXZwbifC8Rg==}
    engines: {node: '>=8'}
    dependencies:
      '@babel/code-frame': 7.21.4
      error-ex: 1.3.2
      json-parse-even-better-errors: 2.3.1
      lines-and-columns: 1.2.4
    dev: true

  /path-exists@4.0.0:
    resolution: {integrity: sha512-ak9Qy5Q7jYb2Wwcey5Fpvg2KoAc/ZIhLSLOSBmRmygPsGwkVVt0fZa0qrtMz+m6tJTAHfZQ8FnmB4MG4LWy7/w==}
    engines: {node: '>=8'}
    dev: true

  /path-is-absolute@1.0.1:
    resolution: {integrity: sha512-AVbw3UJ2e9bq64vSaS9Am0fje1Pa8pbGqTTsmXfaIiMpnr5DlDhfJOuLj9Sf95ZPVDAUerDfEk88MPmPe7UCQg==}
    engines: {node: '>=0.10.0'}
    dev: true

  /path-parse@1.0.7:
    resolution: {integrity: sha512-LDJzPVEEEPR+y48z93A0Ed0yXb8pAByGWo/k5YYdYgpY2/2EsOsksJrq7lOHxryrVOn1ejG6oAp8ahvOIQD8sw==}
    dev: true

  /path-type@4.0.0:
    resolution: {integrity: sha512-gDKb8aZMDeD/tZWs9P6+q0J9Mwkdl6xMV8TjnGP3qJVJ06bdMgkbBlLU8IdfOsIsFz2BW1rNVT3XuNEl8zPAvw==}
    engines: {node: '>=8'}
    dev: true

  /picomatch@2.3.1:
    resolution: {integrity: sha512-JU3teHTNjmE2VCGFzuY8EXzCDVwEqB2a8fsIvwaStHhAWJEeVd1o1QD80CU6+ZdEXXSLbSsuLwJjkCBWqRQUVA==}
    engines: {node: '>=8.6'}
    dev: true

  /queue-microtask@1.2.3:
    resolution: {integrity: sha512-NuaNSa6flKT5JaSYQzJok04JzTL1CA6aGhv5rfLW3PgqA+M2ChpZQnAC8h8i4ZFkBS8X5RqkDBHA7r4hej3K9A==}
    dev: true

  /rechoir@0.6.2:
    resolution: {integrity: sha512-HFM8rkZ+i3zrV+4LQjwQ0W+ez98pApMGM3HUrN04j3CqzPOzl9nmP15Y8YXNm8QHGv/eacOVEjqhmWpkRV0NAw==}
    engines: {node: '>= 0.10'}
    dependencies:
      resolve: 1.22.2
    dev: true

  /repeat-string@1.6.1:
    resolution: {integrity: sha512-PV0dzCYDNfRi1jCDbJzpW7jNNDRuCOG/jI5ctQcGKt/clZD+YcPS3yIlWuTJMmESC8aevCFmWJy5wjAFgNqN6w==}
    engines: {node: '>=0.10'}
    dev: true

  /resolve-from@4.0.0:
    resolution: {integrity: sha512-pb/MYmXstAkysRFx8piNI1tGFNQIFA3vkE3Gq4EuA1dF6gHp/+vgZqsCGJapvy8N3Q+4o7FwvquPJcnZ7RYy4g==}
    engines: {node: '>=4'}
    dev: true

  /resolve-from@5.0.0:
    resolution: {integrity: sha512-qYg9KP24dD5qka9J47d0aVky0N+b4fTU89LN9iDnjB5waksiC49rvMB0PrUJQGoTmH50XPiqOvAjDfaijGxYZw==}
    engines: {node: '>=8'}
    dev: true

  /resolve-global@1.0.0:
    resolution: {integrity: sha512-zFa12V4OLtT5XUX/Q4VLvTfBf+Ok0SPc1FNGM/z9ctUdiU618qwKpWnd0CHs3+RqROfyEg/DhuHbMWYqcgljEw==}
    engines: {node: '>=8'}
    dependencies:
      global-dirs: 0.1.1
    dev: true

  /resolve@1.22.2:
    resolution: {integrity: sha512-Sb+mjNHOULsBv818T40qSPeRiuWLyaGMa5ewydRLFimneixmVy2zdivRl+AF6jaYPC8ERxGDmFSiqui6SfPd+g==}
    hasBin: true
    dependencies:
      is-core-module: 2.12.0
      path-parse: 1.0.7
      supports-preserve-symlinks-flag: 1.0.0
    dev: true

  /reusify@1.0.4:
    resolution: {integrity: sha512-U9nH88a3fc/ekCF1l0/UP1IosiuIjyTh7hBvXVMHYgVcfGvt897Xguj2UOLDeI5BG2m7/uwyaLVT6fbtCwTyzw==}
    engines: {iojs: '>=1.0.0', node: '>=0.10.0'}
    dev: true

  /rimraf@3.0.2:
    resolution: {integrity: sha512-JZkJMZkAGFFPP2YqXZXPbMlMBgsxzE8ILs4lMIX/2o0L9UBw9O/Y3o6wFw/i9YLapcUJWwqbi3kdxIPdC62TIA==}
    hasBin: true
    dependencies:
      glob: 7.2.3
    dev: true

  /run-parallel@1.2.0:
    resolution: {integrity: sha512-5l4VyZR86LZ/lDxZTR6jqL8AFE2S0IFLMP26AbjsLVADxHdhB/c0GUsH+y39UfCi3dzz8OlQuPmnaJOMoDHQBA==}
    dependencies:
      queue-microtask: 1.2.3
    dev: true

  /semver@6.3.0:
    resolution: {integrity: sha512-b39TBaTSfV6yBrapU89p5fKekE2m/NwnDocOVruQFS1/veMgdzuPcnOM34M6CwxW8jH/lxEa5rBoDeUwu5HHTw==}
    hasBin: true
    dev: true

  /semver@7.5.1:
    resolution: {integrity: sha512-Wvss5ivl8TMRZXXESstBA4uR5iXgEN/VC5/sOcuXdVLzcdkz4HWetIoRfG5gb5X+ij/G9rw9YoGn3QoQ8OCSpw==}
    engines: {node: '>=10'}
    hasBin: true
    dependencies:
      lru-cache: 6.0.0
    dev: true

  /shelljs@0.8.5:
    resolution: {integrity: sha512-TiwcRcrkhHvbrZbnRcFYMLl30Dfov3HKqzp5tO5b4pt6G/SezKcYhmDg15zXVBswHmctSAQKznqNW2LO5tTDow==}
    engines: {node: '>=4'}
    hasBin: true
    dependencies:
      glob: 7.2.3
      interpret: 1.4.0
      rechoir: 0.6.2
    dev: true

  /signal-exit@3.0.7:
    resolution: {integrity: sha512-wnD2ZE+l+SPC/uoS0vXeE9L1+0wuaMqKlfz9AMUo38JsyLSBWSFcHR1Rri62LZc12vLr1gb3jl7iwQhgwpAbGQ==}
    dev: true

  /strip-ansi@6.0.1:
    resolution: {integrity: sha512-Y38VPSHcqkFrCpFnQ9vuSXmquuv5oXOKpGeT6aGrr3o3Gc9AlVa6JBfUSOCnbxGGZF+/0ooI7KrPuUSztUdU5A==}
    engines: {node: '>=8'}
    dependencies:
      ansi-regex: 5.0.1
    dev: true

  /supports-color@5.5.0:
    resolution: {integrity: sha512-QjVjwdXIt408MIiAqCX4oUKsgU2EqAGzs2Ppkm4aQYbjm+ZEWEcW4SfFNTr4uMNZma0ey4f5lgLrkB0aX0QMow==}
    engines: {node: '>=4'}
    dependencies:
      has-flag: 3.0.0
    dev: true

  /supports-color@7.2.0:
    resolution: {integrity: sha512-qpCAvRl9stuOHveKsn7HncJRvv501qIacKzQlO/+Lwxc9+0q2wLyv4Dfvt80/DPn2pqOBsJdDiogXGR9+OvwRw==}
    engines: {node: '>=8'}
    dependencies:
      has-flag: 4.0.0
    dev: true

  /supports-preserve-symlinks-flag@1.0.0:
    resolution: {integrity: sha512-ot0WnXS9fgdkgIcePe6RHNk1WA8+muPa6cSjeR3V8K27q9BB1rTE3R1p7Hv0z1ZyAc8s6Vvv8DIyWf681MAt0w==}
    engines: {node: '>= 0.4'}
    dev: true

  /to-regex-range@5.0.1:
    resolution: {integrity: sha512-65P7iz6X5yEr1cwcgvQxbbIw7Uk3gOy5dIdtZ4rDveLqhrdJP+Li/Hx6tyK0NEb+2GCyneCMJiGqrADCSNk8sQ==}
    engines: {node: '>=8.0'}
    dependencies:
      is-number: 7.0.0
    dev: true

  /tr46@0.0.3:
    resolution: {integrity: sha512-N3WMsuqV66lT30CrXNbEjx4GEwlow3v6rr4mCcv6prnfwhS01rkgyFdjPNBYd9br7LpXV1+Emh01fHnq2Gdgrw==}
    dev: true

  /typedarray-to-buffer@3.1.5:
    resolution: {integrity: sha512-zdu8XMNEDepKKR+XYOXAVPtWui0ly0NtohUscw+UmaHiAWT8hrV1rr//H6V+0DvJ3OQ19S979M0laLfX8rm82Q==}
    dependencies:
      is-typedarray: 1.0.0
    dev: true

  /unique-string@2.0.0:
    resolution: {integrity: sha512-uNaeirEPvpZWSgzwsPGtU2zVSTrn/8L5q/IexZmH0eH6SA73CmAA5U4GwORTxQAZs95TAXLNqeLoPPNO5gZfWg==}
    engines: {node: '>=8'}
    dependencies:
      crypto-random-string: 2.0.0
    dev: true

  /vscode-languageserver-textdocument@1.0.8:
    resolution: {integrity: sha512-1bonkGqQs5/fxGT5UchTgjGVnfysL0O8v1AYMBjqTbWQTFn721zaPGDYFkOKtfDgFiSgXM3KwaG3FMGfW4Ed9Q==}
    dev: true

  /vscode-uri@3.0.7:
    resolution: {integrity: sha512-eOpPHogvorZRobNqJGhapa0JdwaxpjVvyBp0QIUMRMSf8ZAlqOdEquKuRmw9Qwu0qXtJIWqFtMkmvJjUZmMjVA==}
    dev: true

  /webidl-conversions@3.0.1:
    resolution: {integrity: sha512-2JAn3z8AR6rjK8Sm8orRC0h/bcl/DqL7tRPdGZ4I1CjdF+EaMLmYxBHyXuKL849eucPFhvBoxMsflfOb8kxaeQ==}
    dev: true

  /whatwg-url@5.0.0:
    resolution: {integrity: sha512-saE57nupxk6v3HY35+jzBwYa0rKSy0XR8JSxZPwgLr7ys0IBzhGviA1/TUGJLmSVqs8pb9AnvICXEuOHLprYTw==}
    dependencies:
      tr46: 0.0.3
      webidl-conversions: 3.0.1
    dev: true

  /wrappy@1.0.2:
    resolution: {integrity: sha512-l4Sp/DRseor9wL6EvV2+TuQn63dMkPjZ/sp9XkghTEbV9KlPS1xUsZ3u7/IQO4wxtcFB4bgpQPRcR3QCvezPcQ==}
    dev: true

  /write-file-atomic@3.0.3:
    resolution: {integrity: sha512-AvHcyZ5JnSfq3ioSyjrBkH9yW4m7Ayk8/9My/DD9onKeu/94fwrMocemO2QAJFAlnnDN+ZDS+ZjAR5ua1/PV/Q==}
    dependencies:
      imurmurhash: 0.1.4
      is-typedarray: 1.0.0
      signal-exit: 3.0.7
      typedarray-to-buffer: 3.1.5
    dev: true

  /xdg-basedir@4.0.0:
    resolution: {integrity: sha512-PSNhEJDejZYV7h50BohL09Er9VaIefr2LMAf3OEmpCkjOi34eYyQYAXUTjEQtZJTKcF0E2UKTh+osDLsgNim9Q==}
    engines: {node: '>=8'}
    dev: true

  /yallist@4.0.0:
    resolution: {integrity: sha512-3wdGidZyq5PB084XLES5TpOSRA3wjXAlIWMhum2kRcv/41Sn2emQ0dycQW4uZXLejwKvg6EsvbdlVL+FYEct7A==}
    dev: true

  /yocto-queue@0.1.0:
    resolution: {integrity: sha512-rVksvsnNCdJ/ohGc6xgPwyN8eheCxsiLM8mxuE/t/mOVqJewPuO1miLpTHQiRgTKCLexL4MeAFVagts7HmNZ2Q==}
    engines: {node: '>=10'}
    dev: true
